
Microsoft Visual Studio Solution File, Format Version 12.00
# Visual Studio Version 16
VisualStudioVersion = 16.0.30128.74
MinimumVisualStudioVersion = 10.0.40219.1
Project("{9A19103F-16F7-4668-BE54-9A1E7A4F7556}") = "ClothingStoreFranchise.NetCore.Catalog", "ClothingStoreFranchise.NetCore.Catalog\ClothingStoreFranchise.NetCore.Catalog.csproj", "{B0DD7C64-5897-4475-9507-AECC9E612590}"
EndProject
Project("{9A19103F-16F7-4668-BE54-9A1E7A4F7556}") = "ClothingStoreFranchise.NetCore.Common", "..\NetCore.Common\ClothingStoreFranchise.NetCore.Common\ClothingStoreFranchise.NetCore.Common.csproj", "{4E9BEAF6-7FD8-4A63-8D04-DEBBF0D24EA0}"
EndProject
Global
	GlobalSection(SolutionConfigurationPlatforms) = preSolution
		Debug|Any CPU = Debug|Any CPU
		Release|Any CPU = Release|Any CPU
	EndGlobalSection
	GlobalSection(ProjectConfigurationPlatforms) = postSolution
		{B0DD7C64-5897-4475-9507-AECC9E612590}.Debug|Any CPU.ActiveCfg = Debug|Any CPU
		{B0DD7C64-5897-4475-9507-AECC9E612590}.Debug|Any CPU.Build.0 = Debug|Any CPU
		{B0DD7C64-5897-4475-9507-AECC9E612590}.Release|Any CPU.ActiveCfg = Release|Any CPU
		{B0DD7C64-5897-4475-9507-AECC9E612590}.Release|Any CPU.Build.0 = Release|Any CPU
		{4E9BEAF6-7FD8-4A63-8D04-DEBBF0D24EA0}.Debug|Any CPU.ActiveCfg = Debug|Any CPU
		{4E9BEAF6-7FD8-4A63-8D04-DEBBF0D24EA0}.Debug|Any CPU.Build.0 = Debug|Any CPU
		{4E9BEAF6-7FD8-4A63-8D04-DEBBF0D24EA0}.Release|Any CPU.ActiveCfg = Release|Any CPU
		{4E9BEAF6-7FD8-4A63-8D04-DEBBF0D24EA0}.Release|Any CPU.Build.0 = Release|Any CPU
	EndGlobalSection
	GlobalSection(SolutionProperties) = preSolution
		HideSolutionNode = FALSE
	EndGlobalSection
	GlobalSection(ExtensibilityGlobals) = postSolution
		SolutionGuid = {7970A1C2-8CBA-4EC2-B26E-8B4E204ADF8B}
	EndGlobalSection
EndGlobal
